
Microsoft Visual Studio Solution File, Format Version 12.00
# Visual Studio 15
VisualStudioVersion = 15.0.27004.2005
MinimumVisualStudioVersion = 10.0.40219.1
Project("{FAE04EC0-301F-11D3-BF4B-00C04F79EFBC}") = "StickyNotes", "StickyNotes\StickyNotes.csproj", "{2AB2DE76-6D9B-469D-B15D-11F3008D1712}"
EndProject
Global
	GlobalSection(SolutionConfigurationPlatforms) = preSolution
		Debug|Any CPU = Debug|Any CPU
		Release|Any CPU = Release|Any CPU
	EndGlobalSection
	GlobalSection(ProjectConfigurationPlatforms) = postSolution
		{2AB2DE76-6D9B-469D-B15D-11F3008D1712}.Debug|Any CPU.ActiveCfg = Debug|Any CPU
		{2AB2DE76-6D9B-469D-B15D-11F3008D1712}.Debug|Any CPU.Build.0 = Debug|Any CPU
		{2AB2DE76-6D9B-469D-B15D-11F3008D1712}.Release|Any CPU.ActiveCfg = Release|Any CPU
		{2AB2DE76-6D9B-469D-B15D-11F3008D1712}.Release|Any CPU.Build.0 = Release|Any CPU
	EndGlobalSection
	GlobalSection(SolutionProperties) = preSolution
		HideSolutionNode = FALSE
	EndGlobalSection
	GlobalSection(ExtensibilityGlobals) = postSolution
		SolutionGuid = {D90CF5D0-75AD-420D-88B2-E26598EDBE94}
	EndGlobalSection
EndGlobal
